
Microsoft Visual Studio Solution File, Format Version 12.00
# Visual Studio Version 16
VisualStudioVersion = 16.0.31702.278
MinimumVisualStudioVersion = 10.0.40219.1
Project("{2150E333-8FDC-42A3-9474-1A3956D46DE8}") = "Domain", "Domain", "{C3285EB0-510F-4711-887F-0306F260F488}"
EndProject
Project("{2150E333-8FDC-42A3-9474-1A3956D46DE8}") = "Microservices", "Microservices", "{E9A342DA-1F30-483A-9EE7-123D5A46B196}"
EndProject
Project("{2150E333-8FDC-42A3-9474-1A3956D46DE8}") = "Infra.bus", "Infra.bus", "{DD9172AD-F238-4BD9-8231-F5EC3FC6E8E4}"
EndProject
Project("{2150E333-8FDC-42A3-9474-1A3956D46DE8}") = "Infra.IoC", "Infra.IoC", "{A4A87E54-0C91-4866-B3ED-EEF06C26C620}"
EndProject
Project("{2150E333-8FDC-42A3-9474-1A3956D46DE8}") = "Presentation", "Presentation", "{D5B9511D-6ACE-4127-AB38-FDEB4E1FB818}"
EndProject
Project("{FAE04EC0-301F-11D3-BF4B-00C04F79EFBC}") = "MicroRabbit.Domain.Core", "MicroRabbit.Domain.Core\MicroRabbit.Domain.Core.csproj", "{B2A82BE0-6B50-47B6-887B-45A97010A9CD}"
EndProject
Project("{FAE04EC0-301F-11D3-BF4B-00C04F79EFBC}") = "MicroRabbit.Infra.Bus", "MicroRabbit.Infra.Bus\MicroRabbit.Infra.Bus.csproj", "{941718ED-BD14-4DA9-BF92-3F445AEFAA81}"
EndProject
Project("{FAE04EC0-301F-11D3-BF4B-00C04F79EFBC}") = "MicroRabbit.Infra.Ioc", "MicroRabbit.Infra.Ioc\MicroRabbit.Infra.Ioc.csproj", "{E640014E-B46C-4142-9577-237618FB8231}"
EndProject
Project("{2150E333-8FDC-42A3-9474-1A3956D46DE8}") = "Banking", "Banking", "{6235DF32-0467-40DC-9786-9DFA30478F44}"
EndProject
Project("{2150E333-8FDC-42A3-9474-1A3956D46DE8}") = "Api", "Api", "{64DF6DDD-FC45-46B6-8C25-E6E8FC84A53A}"
EndProject
Project("{2150E333-8FDC-42A3-9474-1A3956D46DE8}") = "Application", "Application", "{04DA28B7-DEBA-4177-9574-B14074A57EA6}"
EndProject
Project("{2150E333-8FDC-42A3-9474-1A3956D46DE8}") = "Data", "Data", "{F1FCE7C7-7589-4120-B8A2-DD797EFA2F94}"
EndProject
Project("{2150E333-8FDC-42A3-9474-1A3956D46DE8}") = "Domain", "Domain", "{AB3A7799-6FB7-44DC-B66D-9C018DDE6519}"
EndProject
Project("{FAE04EC0-301F-11D3-BF4B-00C04F79EFBC}") = "MicroRabbit.Banking.Api", "MicroRabbit.Banking.Api\MicroRabbit.Banking.Api.csproj", "{F0D10852-2985-4084-8332-4D6EEB3EE18A}"
EndProject
Project("{FAE04EC0-301F-11D3-BF4B-00C04F79EFBC}") = "MicroRabbit.Banking.Application", "MicroRabbit.Banking.Application\MicroRabbit.Banking.Application.csproj", "{1D8DCFFE-3D6C-4960-9B27-F84C79527CF9}"
EndProject
Project("{FAE04EC0-301F-11D3-BF4B-00C04F79EFBC}") = "MicroRabbit.Banking.Data", "MicroRabbit.Banking.Data\MicroRabbit.Banking.Data.csproj", "{8882095B-2CC9-4E4A-A893-0E5631572A47}"
EndProject
Project("{FAE04EC0-301F-11D3-BF4B-00C04F79EFBC}") = "MicroRabbit.Banking.Domain", "MicroRabbit.Banking.Domain\MicroRabbit.Banking.Domain.csproj", "{D8DB8593-766C-44EA-8C7D-ED9E3CE28556}"
EndProject
Project("{2150E333-8FDC-42A3-9474-1A3956D46DE8}") = "Transfer", "Transfer", "{633CDA0E-EDDA-4364-BBA4-40A6EBB2D788}"
EndProject
Project("{2150E333-8FDC-42A3-9474-1A3956D46DE8}") = "Api", "Api", "{D4FC25B6-4315-41E6-AB30-C97E18834724}"
EndProject
Project("{2150E333-8FDC-42A3-9474-1A3956D46DE8}") = "Domain", "Domain", "{12D0E84A-AE83-4B94-8181-85285925DB3F}"
EndProject
Project("{2150E333-8FDC-42A3-9474-1A3956D46DE8}") = "Data", "Data", "{B34DB346-F2D6-49FA-8867-CDF4095B61EF}"
EndProject
Project("{2150E333-8FDC-42A3-9474-1A3956D46DE8}") = "Application", "Application", "{16D1159F-DA9A-422C-A2A4-FB9B559FD8C7}"
EndProject
Project("{FAE04EC0-301F-11D3-BF4B-00C04F79EFBC}") = "MicroRabbit.Transfer.Api", "MicroRabbit.Transfer.Api\MicroRabbit.Transfer.Api.csproj", "{A7CF1DBF-0C2F-4BF1-9C40-FCD54740B804}"
EndProject
Project("{FAE04EC0-301F-11D3-BF4B-00C04F79EFBC}") = "MicroRabbit.Transfer.Application", "MicroRabbit.Transfer.Application\MicroRabbit.Transfer.Application.csproj", "{E2BAE1CD-D8E4-4D26-A1E4-809F88966223}"
EndProject
Project("{FAE04EC0-301F-11D3-BF4B-00C04F79EFBC}") = "MicroRabbit.Transfer.Data", "MicroRabbit.Transfer.Data\MicroRabbit.Transfer.Data.csproj", "{86B68913-8BA7-4056-9D75-D734A7096643}"
EndProject
Project("{FAE04EC0-301F-11D3-BF4B-00C04F79EFBC}") = "MicroRabbit.Transfer.Domain", "MicroRabbit.Transfer.Domain\MicroRabbit.Transfer.Domain.csproj", "{EA01CACD-308B-4FD3-9D9F-DACA9970F449}"
EndProject
Global
	GlobalSection(SolutionConfigurationPlatforms) = preSolution
		Debug|Any CPU = Debug|Any CPU
		Release|Any CPU = Release|Any CPU
	EndGlobalSection
	GlobalSection(ProjectConfigurationPlatforms) = postSolution
		{B2A82BE0-6B50-47B6-887B-45A97010A9CD}.Debug|Any CPU.ActiveCfg = Debug|Any CPU
		{B2A82BE0-6B50-47B6-887B-45A97010A9CD}.Debug|Any CPU.Build.0 = Debug|Any CPU
		{B2A82BE0-6B50-47B6-887B-45A97010A9CD}.Release|Any CPU.ActiveCfg = Release|Any CPU
		{B2A82BE0-6B50-47B6-887B-45A97010A9CD}.Release|Any CPU.Build.0 = Release|Any CPU
		{941718ED-BD14-4DA9-BF92-3F445AEFAA81}.Debug|Any CPU.ActiveCfg = Debug|Any CPU
		{941718ED-BD14-4DA9-BF92-3F445AEFAA81}.Debug|Any CPU.Build.0 = Debug|Any CPU
		{941718ED-BD14-4DA9-BF92-3F445AEFAA81}.Release|Any CPU.ActiveCfg = Release|Any CPU
		{941718ED-BD14-4DA9-BF92-3F445AEFAA81}.Release|Any CPU.Build.0 = Release|Any CPU
		{E640014E-B46C-4142-9577-237618FB8231}.Debug|Any CPU.ActiveCfg = Debug|Any CPU
		{E640014E-B46C-4142-9577-237618FB8231}.Debug|Any CPU.Build.0 = Debug|Any CPU
		{E640014E-B46C-4142-9577-237618FB8231}.Release|Any CPU.ActiveCfg = Release|Any CPU
		{E640014E-B46C-4142-9577-237618FB8231}.Release|Any CPU.Build.0 = Release|Any CPU
		{F0D10852-2985-4084-8332-4D6EEB3EE18A}.Debug|Any CPU.ActiveCfg = Debug|Any CPU
		{F0D10852-2985-4084-8332-4D6EEB3EE18A}.Debug|Any CPU.Build.0 = Debug|Any CPU
		{F0D10852-2985-4084-8332-4D6EEB3EE18A}.Release|Any CPU.ActiveCfg = Release|Any CPU
		{F0D10852-2985-4084-8332-4D6EEB3EE18A}.Release|Any CPU.Build.0 = Release|Any CPU
		{1D8DCFFE-3D6C-4960-9B27-F84C79527CF9}.Debug|Any CPU.ActiveCfg = Debug|Any CPU
		{1D8DCFFE-3D6C-4960-9B27-F84C79527CF9}.Debug|Any CPU.Build.0 = Debug|Any CPU
		{1D8DCFFE-3D6C-4960-9B27-F84C79527CF9}.Release|Any CPU.ActiveCfg = Release|Any CPU
		{1D8DCFFE-3D6C-4960-9B27-F84C79527CF9}.Release|Any CPU.Build.0 = Release|Any CPU
		{8882095B-2CC9-4E4A-A893-0E5631572A47}.Debug|Any CPU.ActiveCfg = Debug|Any CPU
		{8882095B-2CC9-4E4A-A893-0E5631572A47}.Debug|Any CPU.Build.0 = Debug|Any CPU
		{8882095B-2CC9-4E4A-A893-0E5631572A47}.Release|Any CPU.ActiveCfg = Release|Any CPU
		{8882095B-2CC9-4E4A-A893-0E5631572A47}.Release|Any CPU.Build.0 = Release|Any CPU
		{D8DB8593-766C-44EA-8C7D-ED9E3CE28556}.Debug|Any CPU.ActiveCfg = Debug|Any CPU
		{D8DB8593-766C-44EA-8C7D-ED9E3CE28556}.Debug|Any CPU.Build.0 = Debug|Any CPU
		{D8DB8593-766C-44EA-8C7D-ED9E3CE28556}.Release|Any CPU.ActiveCfg = Release|Any CPU
		{D8DB8593-766C-44EA-8C7D-ED9E3CE28556}.Release|Any CPU.Build.0 = Release|Any CPU
		{A7CF1DBF-0C2F-4BF1-9C40-FCD54740B804}.Debug|Any CPU.ActiveCfg = Debug|Any CPU
		{A7CF1DBF-0C2F-4BF1-9C40-FCD54740B804}.Debug|Any CPU.Build.0 = Debug|Any CPU
		{A7CF1DBF-0C2F-4BF1-9C40-FCD54740B804}.Release|Any CPU.ActiveCfg = Release|Any CPU
		{A7CF1DBF-0C2F-4BF1-9C40-FCD54740B804}.Release|Any CPU.Build.0 = Release|Any CPU
		{E2BAE1CD-D8E4-4D26-A1E4-809F88966223}.Debug|Any CPU.ActiveCfg = Debug|Any CPU
		{E2BAE1CD-D8E4-4D26-A1E4-809F88966223}.Debug|Any CPU.Build.0 = Debug|Any CPU
		{E2BAE1CD-D8E4-4D26-A1E4-809F88966223}.Release|Any CPU.ActiveCfg = Release|Any CPU
		{E2BAE1CD-D8E4-4D26-A1E4-809F88966223}.Release|Any CPU.Build.0 = Release|Any CPU
		{86B68913-8BA7-4056-9D75-D734A7096643}.Debug|Any CPU.ActiveCfg = Debug|Any CPU
		{86B68913-8BA7-4056-9D75-D734A7096643}.Debug|Any CPU.Build.0 = Debug|Any CPU
		{86B68913-8BA7-4056-9D75-D734A7096643}.Release|Any CPU.ActiveCfg = Release|Any CPU
		{86B68913-8BA7-4056-9D75-D734A7096643}.Release|Any CPU.Build.0 = Release|Any CPU
		{EA01CACD-308B-4FD3-9D9F-DACA9970F449}.Debug|Any CPU.ActiveCfg = Debug|Any CPU
		{EA01CACD-308B-4FD3-9D9F-DACA9970F449}.Debug|Any CPU.Build.0 = Debug|Any CPU
		{EA01CACD-308B-4FD3-9D9F-DACA9970F449}.Release|Any CPU.ActiveCfg = Release|Any CPU
		{EA01CACD-308B-4FD3-9D9F-DACA9970F449}.Release|Any CPU.Build.0 = Release|Any CPU
	EndGlobalSection
	GlobalSection(SolutionProperties) = preSolution
		HideSolutionNode = FALSE
	EndGlobalSection
	GlobalSection(NestedProjects) = preSolution
		{B2A82BE0-6B50-47B6-887B-45A97010A9CD} = {C3285EB0-510F-4711-887F-0306F260F488}
		{941718ED-BD14-4DA9-BF92-3F445AEFAA81} = {DD9172AD-F238-4BD9-8231-F5EC3FC6E8E4}
		{E640014E-B46C-4142-9577-237618FB8231} = {A4A87E54-0C91-4866-B3ED-EEF06C26C620}
		{6235DF32-0467-40DC-9786-9DFA30478F44} = {E9A342DA-1F30-483A-9EE7-123D5A46B196}
		{64DF6DDD-FC45-46B6-8C25-E6E8FC84A53A} = {6235DF32-0467-40DC-9786-9DFA30478F44}
		{04DA28B7-DEBA-4177-9574-B14074A57EA6} = {6235DF32-0467-40DC-9786-9DFA30478F44}
		{F1FCE7C7-7589-4120-B8A2-DD797EFA2F94} = {6235DF32-0467-40DC-9786-9DFA30478F44}
		{AB3A7799-6FB7-44DC-B66D-9C018DDE6519} = {6235DF32-0467-40DC-9786-9DFA30478F44}
		{F0D10852-2985-4084-8332-4D6EEB3EE18A} = {64DF6DDD-FC45-46B6-8C25-E6E8FC84A53A}
		{1D8DCFFE-3D6C-4960-9B27-F84C79527CF9} = {04DA28B7-DEBA-4177-9574-B14074A57EA6}
		{8882095B-2CC9-4E4A-A893-0E5631572A47} = {F1FCE7C7-7589-4120-B8A2-DD797EFA2F94}
		{D8DB8593-766C-44EA-8C7D-ED9E3CE28556} = {AB3A7799-6FB7-44DC-B66D-9C018DDE6519}
		{633CDA0E-EDDA-4364-BBA4-40A6EBB2D788} = {E9A342DA-1F30-483A-9EE7-123D5A46B196}
		{D4FC25B6-4315-41E6-AB30-C97E18834724} = {633CDA0E-EDDA-4364-BBA4-40A6EBB2D788}
		{12D0E84A-AE83-4B94-8181-85285925DB3F} = {633CDA0E-EDDA-4364-BBA4-40A6EBB2D788}
		{B34DB346-F2D6-49FA-8867-CDF4095B61EF} = {633CDA0E-EDDA-4364-BBA4-40A6EBB2D788}
		{16D1159F-DA9A-422C-A2A4-FB9B559FD8C7} = {633CDA0E-EDDA-4364-BBA4-40A6EBB2D788}
		{A7CF1DBF-0C2F-4BF1-9C40-FCD54740B804} = {D4FC25B6-4315-41E6-AB30-C97E18834724}
		{E2BAE1CD-D8E4-4D26-A1E4-809F88966223} = {16D1159F-DA9A-422C-A2A4-FB9B559FD8C7}
		{86B68913-8BA7-4056-9D75-D734A7096643} = {B34DB346-F2D6-49FA-8867-CDF4095B61EF}
		{EA01CACD-308B-4FD3-9D9F-DACA9970F449} = {12D0E84A-AE83-4B94-8181-85285925DB3F}
	EndGlobalSection
	GlobalSection(ExtensibilityGlobals) = postSolution
		SolutionGuid = {D8C7CC2B-124A-4315-97C1-5CB12D78DDE5}
	EndGlobalSection
EndGlobal
